
Microsoft Visual Studio Solution File, Format Version 12.00
# Visual Studio 15
VisualStudioVersion = 15.0.26124.0
MinimumVisualStudioVersion = 15.0.26124.0
Project("{FAE04EC0-301F-11D3-BF4B-00C04F79EFBC}") = "Api.Domain", "Api.Domain\Api.Domain.csproj", "{D2133FE6-09D6-4BC6-B9D0-460F4CFF61C2}"
EndProject
Project("{FAE04EC0-301F-11D3-BF4B-00C04F79EFBC}") = "Api.CrossCutting", "Api.CrossCutting\Api.CrossCutting.csproj", "{BEC63F17-4E5D-41C8-B04F-6C05F0B13DBB}"
EndProject
Project("{FAE04EC0-301F-11D3-BF4B-00C04F79EFBC}") = "Api.Service", "Api.Service\Api.Service.csproj", "{8D8528ED-DD6C-46F4-863B-300E1168D53F}"
EndProject
Project("{FAE04EC0-301F-11D3-BF4B-00C04F79EFBC}") = "Api.Data", "Api.Data\Api.Data.csproj", "{5D5C2EBF-EA32-4679-A389-CEE6F0ED05C0}"
EndProject
Project("{FAE04EC0-301F-11D3-BF4B-00C04F79EFBC}") = "Api.Application", "Api.Application\Api.Application.csproj", "{3CE38E77-DAAE-4BE8-AF0C-826A147BA21D}"
EndProject
Project("{FAE04EC0-301F-11D3-BF4B-00C04F79EFBC}") = "Api.Application.Test", "Api.Application.Test\Api.Application.Test.csproj", "{6648074A-FC7B-407A-980A-7357BC486B7D}"
EndProject
Project("{FAE04EC0-301F-11D3-BF4B-00C04F79EFBC}") = "Api.Service.Test", "Api.Service.Test\Api.Service.Test.csproj", "{EC8F7195-111F-4806-B1C8-AAA2D6C8759E}"
EndProject
Project("{FAE04EC0-301F-11D3-BF4B-00C04F79EFBC}") = "Api.Data.Test", "Api.Data.Test\Api.Data.Test.csproj", "{B49CB048-AAC9-434C-B3FA-60F5E97B2A5B}"
EndProject
Project("{FAE04EC0-301F-11D3-BF4B-00C04F79EFBC}") = "Api.Integration.Test", "Api.Integration.Test\Api.Integration.Test.csproj", "{3A6EF02E-8115-483F-8197-599F30B5813F}"
EndProject
Global
	GlobalSection(SolutionConfigurationPlatforms) = preSolution
		Debug|Any CPU = Debug|Any CPU
		Debug|x64 = Debug|x64
		Debug|x86 = Debug|x86
		Release|Any CPU = Release|Any CPU
		Release|x64 = Release|x64
		Release|x86 = Release|x86
	EndGlobalSection
	GlobalSection(SolutionProperties) = preSolution
		HideSolutionNode = FALSE
	EndGlobalSection
	GlobalSection(ProjectConfigurationPlatforms) = postSolution
		{D2133FE6-09D6-4BC6-B9D0-460F4CFF61C2}.Debug|Any CPU.ActiveCfg = Debug|Any CPU
		{D2133FE6-09D6-4BC6-B9D0-460F4CFF61C2}.Debug|Any CPU.Build.0 = Debug|Any CPU
		{D2133FE6-09D6-4BC6-B9D0-460F4CFF61C2}.Debug|x64.ActiveCfg = Debug|Any CPU
		{D2133FE6-09D6-4BC6-B9D0-460F4CFF61C2}.Debug|x64.Build.0 = Debug|Any CPU
		{D2133FE6-09D6-4BC6-B9D0-460F4CFF61C2}.Debug|x86.ActiveCfg = Debug|Any CPU
		{D2133FE6-09D6-4BC6-B9D0-460F4CFF61C2}.Debug|x86.Build.0 = Debug|Any CPU
		{D2133FE6-09D6-4BC6-B9D0-460F4CFF61C2}.Release|Any CPU.ActiveCfg = Release|Any CPU
		{D2133FE6-09D6-4BC6-B9D0-460F4CFF61C2}.Release|Any CPU.Build.0 = Release|Any CPU
		{D2133FE6-09D6-4BC6-B9D0-460F4CFF61C2}.Release|x64.ActiveCfg = Release|Any CPU
		{D2133FE6-09D6-4BC6-B9D0-460F4CFF61C2}.Release|x64.Build.0 = Release|Any CPU
		{D2133FE6-09D6-4BC6-B9D0-460F4CFF61C2}.Release|x86.ActiveCfg = Release|Any CPU
		{D2133FE6-09D6-4BC6-B9D0-460F4CFF61C2}.Release|x86.Build.0 = Release|Any CPU
		{BEC63F17-4E5D-41C8-B04F-6C05F0B13DBB}.Debug|Any CPU.ActiveCfg = Debug|Any CPU
		{BEC63F17-4E5D-41C8-B04F-6C05F0B13DBB}.Debug|Any CPU.Build.0 = Debug|Any CPU
		{BEC63F17-4E5D-41C8-B04F-6C05F0B13DBB}.Debug|x64.ActiveCfg = Debug|Any CPU
		{BEC63F17-4E5D-41C8-B04F-6C05F0B13DBB}.Debug|x64.Build.0 = Debug|Any CPU
		{BEC63F17-4E5D-41C8-B04F-6C05F0B13DBB}.Debug|x86.ActiveCfg = Debug|Any CPU
		{BEC63F17-4E5D-41C8-B04F-6C05F0B13DBB}.Debug|x86.Build.0 = Debug|Any CPU
		{BEC63F17-4E5D-41C8-B04F-6C05F0B13DBB}.Release|Any CPU.ActiveCfg = Release|Any CPU
		{BEC63F17-4E5D-41C8-B04F-6C05F0B13DBB}.Release|Any CPU.Build.0 = Release|Any CPU
		{BEC63F17-4E5D-41C8-B04F-6C05F0B13DBB}.Release|x64.ActiveCfg = Release|Any CPU
		{BEC63F17-4E5D-41C8-B04F-6C05F0B13DBB}.Release|x64.Build.0 = Release|Any CPU
		{BEC63F17-4E5D-41C8-B04F-6C05F0B13DBB}.Release|x86.ActiveCfg = Release|Any CPU
		{BEC63F17-4E5D-41C8-B04F-6C05F0B13DBB}.Release|x86.Build.0 = Release|Any CPU
		{8D8528ED-DD6C-46F4-863B-300E1168D53F}.Debug|Any CPU.ActiveCfg = Debug|Any CPU
		{8D8528ED-DD6C-46F4-863B-300E1168D53F}.Debug|Any CPU.Build.0 = Debug|Any CPU
		{8D8528ED-DD6C-46F4-863B-300E1168D53F}.Debug|x64.ActiveCfg = Debug|Any CPU
		{8D8528ED-DD6C-46F4-863B-300E1168D53F}.Debug|x64.Build.0 = Debug|Any CPU
		{8D8528ED-DD6C-46F4-863B-300E1168D53F}.Debug|x86.ActiveCfg = Debug|Any CPU
		{8D8528ED-DD6C-46F4-863B-300E1168D53F}.Debug|x86.Build.0 = Debug|Any CPU
		{8D8528ED-DD6C-46F4-863B-300E1168D53F}.Release|Any CPU.ActiveCfg = Release|Any CPU
		{8D8528ED-DD6C-46F4-863B-300E1168D53F}.Release|Any CPU.Build.0 = Release|Any CPU
		{8D8528ED-DD6C-46F4-863B-300E1168D53F}.Release|x64.ActiveCfg = Release|Any CPU
		{8D8528ED-DD6C-46F4-863B-300E1168D53F}.Release|x64.Build.0 = Release|Any CPU
		{8D8528ED-DD6C-46F4-863B-300E1168D53F}.Release|x86.ActiveCfg = Release|Any CPU
		{8D8528ED-DD6C-46F4-863B-300E1168D53F}.Release|x86.Build.0 = Release|Any CPU
		{5D5C2EBF-EA32-4679-A389-CEE6F0ED05C0}.Debug|Any CPU.ActiveCfg = Debug|Any CPU
		{5D5C2EBF-EA32-4679-A389-CEE6F0ED05C0}.Debug|Any CPU.Build.0 = Debug|Any CPU
		{5D5C2EBF-EA32-4679-A389-CEE6F0ED05C0}.Debug|x64.ActiveCfg = Debug|Any CPU
		{5D5C2EBF-EA32-4679-A389-CEE6F0ED05C0}.Debug|x64.Build.0 = Debug|Any CPU
		{5D5C2EBF-EA32-4679-A389-CEE6F0ED05C0}.Debug|x86.ActiveCfg = Debug|Any CPU
		{5D5C2EBF-EA32-4679-A389-CEE6F0ED05C0}.Debug|x86.Build.0 = Debug|Any CPU
		{5D5C2EBF-EA32-4679-A389-CEE6F0ED05C0}.Release|Any CPU.ActiveCfg = Release|Any CPU
		{5D5C2EBF-EA32-4679-A389-CEE6F0ED05C0}.Release|Any CPU.Build.0 = Release|Any CPU
		{5D5C2EBF-EA32-4679-A389-CEE6F0ED05C0}.Release|x64.ActiveCfg = Release|Any CPU
		{5D5C2EBF-EA32-4679-A389-CEE6F0ED05C0}.Release|x64.Build.0 = Release|Any CPU
		{5D5C2EBF-EA32-4679-A389-CEE6F0ED05C0}.Release|x86.ActiveCfg = Release|Any CPU
		{5D5C2EBF-EA32-4679-A389-CEE6F0ED05C0}.Release|x86.Build.0 = Release|Any CPU
		{3CE38E77-DAAE-4BE8-AF0C-826A147BA21D}.Debug|Any CPU.ActiveCfg = Debug|Any CPU
		{3CE38E77-DAAE-4BE8-AF0C-826A147BA21D}.Debug|Any CPU.Build.0 = Debug|Any CPU
		{3CE38E77-DAAE-4BE8-AF0C-826A147BA21D}.Debug|x64.ActiveCfg = Debug|Any CPU
		{3CE38E77-DAAE-4BE8-AF0C-826A147BA21D}.Debug|x64.Build.0 = Debug|Any CPU
		{3CE38E77-DAAE-4BE8-AF0C-826A147BA21D}.Debug|x86.ActiveCfg = Debug|Any CPU
		{3CE38E77-DAAE-4BE8-AF0C-826A147BA21D}.Debug|x86.Build.0 = Debug|Any CPU
		{3CE38E77-DAAE-4BE8-AF0C-826A147BA21D}.Release|Any CPU.ActiveCfg = Release|Any CPU
		{3CE38E77-DAAE-4BE8-AF0C-826A147BA21D}.Release|Any CPU.Build.0 = Release|Any CPU
		{3CE38E77-DAAE-4BE8-AF0C-826A147BA21D}.Release|x64.ActiveCfg = Release|Any CPU
		{3CE38E77-DAAE-4BE8-AF0C-826A147BA21D}.Release|x64.Build.0 = Release|Any CPU
		{3CE38E77-DAAE-4BE8-AF0C-826A147BA21D}.Release|x86.ActiveCfg = Release|Any CPU
		{3CE38E77-DAAE-4BE8-AF0C-826A147BA21D}.Release|x86.Build.0 = Release|Any CPU
		{6648074A-FC7B-407A-980A-7357BC486B7D}.Debug|Any CPU.ActiveCfg = Debug|Any CPU
		{6648074A-FC7B-407A-980A-7357BC486B7D}.Debug|Any CPU.Build.0 = Debug|Any CPU
		{6648074A-FC7B-407A-980A-7357BC486B7D}.Debug|x64.ActiveCfg = Debug|Any CPU
		{6648074A-FC7B-407A-980A-7357BC486B7D}.Debug|x64.Build.0 = Debug|Any CPU
		{6648074A-FC7B-407A-980A-7357BC486B7D}.Debug|x86.ActiveCfg = Debug|Any CPU
		{6648074A-FC7B-407A-980A-7357BC486B7D}.Debug|x86.Build.0 = Debug|Any CPU
		{6648074A-FC7B-407A-980A-7357BC486B7D}.Release|Any CPU.ActiveCfg = Release|Any CPU
		{6648074A-FC7B-407A-980A-7357BC486B7D}.Release|Any CPU.Build.0 = Release|Any CPU
		{6648074A-FC7B-407A-980A-7357BC486B7D}.Release|x64.ActiveCfg = Release|Any CPU
		{6648074A-FC7B-407A-980A-7357BC486B7D}.Release|x64.Build.0 = Release|Any CPU
		{6648074A-FC7B-407A-980A-7357BC486B7D}.Release|x86.ActiveCfg = Release|Any CPU
		{6648074A-FC7B-407A-980A-7357BC486B7D}.Release|x86.Build.0 = Release|Any CPU
		{EC8F7195-111F-4806-B1C8-AAA2D6C8759E}.Debug|Any CPU.ActiveCfg = Debug|Any CPU
		{EC8F7195-111F-4806-B1C8-AAA2D6C8759E}.Debug|Any CPU.Build.0 = Debug|Any CPU
		{EC8F7195-111F-4806-B1C8-AAA2D6C8759E}.Debug|x64.ActiveCfg = Debug|Any CPU
		{EC8F7195-111F-4806-B1C8-AAA2D6C8759E}.Debug|x64.Build.0 = Debug|Any CPU
		{EC8F7195-111F-4806-B1C8-AAA2D6C8759E}.Debug|x86.ActiveCfg = Debug|Any CPU
		{EC8F7195-111F-4806-B1C8-AAA2D6C8759E}.Debug|x86.Build.0 = Debug|Any CPU
		{EC8F7195-111F-4806-B1C8-AAA2D6C8759E}.Release|Any CPU.ActiveCfg = Release|Any CPU
		{EC8F7195-111F-4806-B1C8-AAA2D6C8759E}.Release|Any CPU.Build.0 = Release|Any CPU
		{EC8F7195-111F-4806-B1C8-AAA2D6C8759E}.Release|x64.ActiveCfg = Release|Any CPU
		{EC8F7195-111F-4806-B1C8-AAA2D6C8759E}.Release|x64.Build.0 = Release|Any CPU
		{EC8F7195-111F-4806-B1C8-AAA2D6C8759E}.Release|x86.ActiveCfg = Release|Any CPU
		{EC8F7195-111F-4806-B1C8-AAA2D6C8759E}.Release|x86.Build.0 = Release|Any CPU
		{B49CB048-AAC9-434C-B3FA-60F5E97B2A5B}.Debug|Any CPU.ActiveCfg = Debug|Any CPU
		{B49CB048-AAC9-434C-B3FA-60F5E97B2A5B}.Debug|Any CPU.Build.0 = Debug|Any CPU
		{B49CB048-AAC9-434C-B3FA-60F5E97B2A5B}.Debug|x64.ActiveCfg = Debug|Any CPU
		{B49CB048-AAC9-434C-B3FA-60F5E97B2A5B}.Debug|x64.Build.0 = Debug|Any CPU
		{B49CB048-AAC9-434C-B3FA-60F5E97B2A5B}.Debug|x86.ActiveCfg = Debug|Any CPU
		{B49CB048-AAC9-434C-B3FA-60F5E97B2A5B}.Debug|x86.Build.0 = Debug|Any CPU
		{B49CB048-AAC9-434C-B3FA-60F5E97B2A5B}.Release|Any CPU.ActiveCfg = Release|Any CPU
		{B49CB048-AAC9-434C-B3FA-60F5E97B2A5B}.Release|Any CPU.Build.0 = Release|Any CPU
		{B49CB048-AAC9-434C-B3FA-60F5E97B2A5B}.Release|x64.ActiveCfg = Release|Any CPU
		{B49CB048-AAC9-434C-B3FA-60F5E97B2A5B}.Release|x64.Build.0 = Release|Any CPU
		{B49CB048-AAC9-434C-B3FA-60F5E97B2A5B}.Release|x86.ActiveCfg = Release|Any CPU
		{B49CB048-AAC9-434C-B3FA-60F5E97B2A5B}.Release|x86.Build.0 = Release|Any CPU
		{3A6EF02E-8115-483F-8197-599F30B5813F}.Debug|Any CPU.ActiveCfg = Debug|Any CPU
		{3A6EF02E-8115-483F-8197-599F30B5813F}.Debug|Any CPU.Build.0 = Debug|Any CPU
		{3A6EF02E-8115-483F-8197-599F30B5813F}.Debug|x64.ActiveCfg = Debug|Any CPU
		{3A6EF02E-8115-483F-8197-599F30B5813F}.Debug|x64.Build.0 = Debug|Any CPU
		{3A6EF02E-8115-483F-8197-599F30B5813F}.Debug|x86.ActiveCfg = Debug|Any CPU
		{3A6EF02E-8115-483F-8197-599F30B5813F}.Debug|x86.Build.0 = Debug|Any CPU
		{3A6EF02E-8115-483F-8197-599F30B5813F}.Release|Any CPU.ActiveCfg = Release|Any CPU
		{3A6EF02E-8115-483F-8197-599F30B5813F}.Release|Any CPU.Build.0 = Release|Any CPU
		{3A6EF02E-8115-483F-8197-599F30B5813F}.Release|x64.ActiveCfg = Release|Any CPU
		{3A6EF02E-8115-483F-8197-599F30B5813F}.Release|x64.Build.0 = Release|Any CPU
		{3A6EF02E-8115-483F-8197-599F30B5813F}.Release|x86.ActiveCfg = Release|Any CPU
		{3A6EF02E-8115-483F-8197-599F30B5813F}.Release|x86.Build.0 = Release|Any CPU
	EndGlobalSection
EndGlobal
